
Microsoft Visual Studio Solution File, Format Version 12.00
# Visual Studio Version 17
VisualStudioVersion = 17.8.34511.84
MinimumVisualStudioVersion = 10.0.40219.1
Project("{FAE04EC0-301F-11D3-BF4B-00C04F79EFBC}") = "MultipleObjectsAssignment", "MultipleObjectsAssignment\MultipleObjectsAssignment.csproj", "{DE3837EB-C811-4D5D-8034-0B428F282413}"
EndProject
Project("{FAE04EC0-301F-11D3-BF4B-00C04F79EFBC}") = "Entities", "Entities\Entities.csproj", "{6FE06F98-DCC5-4822-9BCB-A45D72676162}"
EndProject
Global
	GlobalSection(SolutionConfigurationPlatforms) = preSolution
		Debug|Any CPU = Debug|Any CPU
		Release|Any CPU = Release|Any CPU
	EndGlobalSection
	GlobalSection(ProjectConfigurationPlatforms) = postSolution
		{DE3837EB-C811-4D5D-8034-0B428F282413}.Debug|Any CPU.ActiveCfg = Debug|Any CPU
		{DE3837EB-C811-4D5D-8034-0B428F282413}.Debug|Any CPU.Build.0 = Debug|Any CPU
		{DE3837EB-C811-4D5D-8034-0B428F282413}.Release|Any CPU.ActiveCfg = Release|Any CPU
		{DE3837EB-C811-4D5D-8034-0B428F282413}.Release|Any CPU.Build.0 = Release|Any CPU
		{6FE06F98-DCC5-4822-9BCB-A45D72676162}.Debug|Any CPU.ActiveCfg = Debug|Any CPU
		{6FE06F98-DCC5-4822-9BCB-A45D72676162}.Debug|Any CPU.Build.0 = Debug|Any CPU
		{6FE06F98-DCC5-4822-9BCB-A45D72676162}.Release|Any CPU.ActiveCfg = Release|Any CPU
		{6FE06F98-DCC5-4822-9BCB-A45D72676162}.Release|Any CPU.Build.0 = Release|Any CPU
	EndGlobalSection
	GlobalSection(SolutionProperties) = preSolution
		HideSolutionNode = FALSE
	EndGlobalSection
	GlobalSection(ExtensibilityGlobals) = postSolution
		SolutionGuid = {C612F9F9-86E4-42A9-9CCD-3975B46F5A7F}
	EndGlobalSection
EndGlobal
